
Microsoft Visual Studio Solution File, Format Version 12.00
# Visual Studio 15
VisualStudioVersion = 15.0.27428.2015
MinimumVisualStudioVersion = 10.0.40219.1
Project("{8BC9CEB8-8B4A-11D0-8D11-00A0C91BC942}") = "functor", "functor.vcxproj", "{02AA7558-A00B-491F-AA5B-3824F4EC7C90}"
EndProject
Global
	GlobalSection(SolutionConfigurationPlatforms) = preSolution
		Debug|x64 = Debug|x64
		Debug|x86 = Debug|x86
		Release|x64 = Release|x64
		Release|x86 = Release|x86
	EndGlobalSection
	GlobalSection(ProjectConfigurationPlatforms) = postSolution
		{02AA7558-A00B-491F-AA5B-3824F4EC7C90}.Debug|x64.ActiveCfg = Debug|x64
		{02AA7558-A00B-491F-AA5B-3824F4EC7C90}.Debug|x64.Build.0 = Debug|x64
		{02AA7558-A00B-491F-AA5B-3824F4EC7C90}.Debug|x86.ActiveCfg = Debug|Win32
		{02AA7558-A00B-491F-AA5B-3824F4EC7C90}.Debug|x86.Build.0 = Debug|Win32
		{02AA7558-A00B-491F-AA5B-3824F4EC7C90}.Release|x64.ActiveCfg = Release|x64
		{02AA7558-A00B-491F-AA5B-3824F4EC7C90}.Release|x64.Build.0 = Release|x64
		{02AA7558-A00B-491F-AA5B-3824F4EC7C90}.Release|x86.ActiveCfg = Release|Win32
		{02AA7558-A00B-491F-AA5B-3824F4EC7C90}.Release|x86.Build.0 = Release|Win32
	EndGlobalSection
	GlobalSection(SolutionProperties) = preSolution
		HideSolutionNode = FALSE
	EndGlobalSection
	GlobalSection(ExtensibilityGlobals) = postSolution
		SolutionGuid = {5246D9A7-8902-4510-95BF-F715A4F4EDA1}
	EndGlobalSection
EndGlobal
